
Microsoft Visual Studio Solution File, Format Version 12.00
# Visual Studio Version 16
VisualStudioVersion = 16.0.35425.106
MinimumVisualStudioVersion = 10.0.40219.1
Project("{FAE04EC0-301F-11D3-BF4B-00C04F79EFBC}") = "lab12", "lab12.csproj", "{19894FF9-384F-4124-B44E-EF7227177364}"
EndProject
Global
	GlobalSection(SolutionConfigurationPlatforms) = preSolution
		Debug|Any CPU = Debug|Any CPU
		Release|Any CPU = Release|Any CPU
	EndGlobalSection
	GlobalSection(ProjectConfigurationPlatforms) = postSolution
		{19894FF9-384F-4124-B44E-EF7227177364}.Debug|Any CPU.ActiveCfg = Debug|Any CPU
		{19894FF9-384F-4124-B44E-EF7227177364}.Debug|Any CPU.Build.0 = Debug|Any CPU
		{19894FF9-384F-4124-B44E-EF7227177364}.Release|Any CPU.ActiveCfg = Release|Any CPU
		{19894FF9-384F-4124-B44E-EF7227177364}.Release|Any CPU.Build.0 = Release|Any CPU
	EndGlobalSection
	GlobalSection(SolutionProperties) = preSolution
		HideSolutionNode = FALSE
	EndGlobalSection
	GlobalSection(ExtensibilityGlobals) = postSolution
		SolutionGuid = {6C7A1D14-0614-43FC-BED8-E88863D8C2FA}
	EndGlobalSection
EndGlobal
